PODS:
  - google-cast-sdk-no-bluetooth (4.8.0):
    - google-cast-sdk-no-bluetooth/Core (= 4.8.0)
    - Protobuf (~> 3.13)
  - google-cast-sdk-no-bluetooth/Core (4.8.0):
    - Protobuf (~> 3.13)
  - Protobuf (3.24.0)

DEPENDENCIES:
  - google-cast-sdk-no-bluetooth

SPEC REPOS:
  trunk:
    - google-cast-sdk-no-bluetooth
    - Protobuf

SPEC CHECKSUMS:
  google-cast-sdk-no-bluetooth: 23206cb79029beaeb610a93559f2ff4f65255797
  Protobuf: 74a8b46ebe3001096a6f4b624e9efbae8adb2edd

PODFILE CHECKSUM: 212e81d669cacb94d02354f9312fd36868c344d0

COCOAPODS: 1.12.1
