// !$*UTF8*$!
{
	archiveVersion = 1;
	classes = {
	};
	objectVersion = 56;
	objects = {

/* Begin PBXBuildFile section */
		6613FDAD85FB3754A4771D7E /* Pods_VideoCaster.framework in Frameworks */ = {isa = PBXBuildFile; fileRef = 79BBA3BAE846A206C675A9E2 /* Pods_VideoCaster.framework */; };
		F237060A2905F90A0000568D /* Videos.json in Resources */ = {isa = PBXBuildFile; fileRef = F23706092905F90A0000568D /* Videos.json */; };
		F237060E290608410000568D /* VideoCasterViewModel.swift in Sources */ = {isa = PBXBuildFile; fileRef = F237060D290608410000568D /* VideoCasterViewModel.swift */; };
		F28BFCB12904161900408E04 /* VideoCasterApp.swift in Sources */ = {isa = PBXBuildFile; fileRef = F28BFCB02904161900408E04 /* VideoCasterApp.swift */; };
		F28BFCB32904161900408E04 /* HomeView.swift in Sources */ = {isa = PBXBuildFile; fileRef = F28BFCB22904161900408E04 /* HomeView.swift */; };
		F28BFCB52904161B00408E04 /* Assets.xcassets in Resources */ = {isa = PBXBuildFile; fileRef = F28BFCB42904161B00408E04 /* Assets.xcassets */; };
		F28BFCB82904161B00408E04 /* Preview Assets.xcassets in Resources */ = {isa = PBXBuildFile; fileRef = F28BFCB72904161B00408E04 /* Preview Assets.xcassets */; };
		F28BFCBF2904169900408E04 /* CastButton.swift in Sources */ = {isa = PBXBuildFile; fileRef = F28BFCBE2904169900408E04 /* CastButton.swift */; };
/* End PBXBuildFile section */

/* Begin PBXFileReference section */
		79BBA3BAE846A206C675A9E2 /* Pods_VideoCaster.framework */ = {isa = PBXFileReference; explicitFileType = wrapper.framework; includeInIndex = 0; path = Pods_VideoCaster.framework; sourceTree = BUILT_PRODUCTS_DIR; };
		A3F9EDB3DD718712E59739AF /* Pods-VideoCaster.release.xcconfig */ = {isa = PBXFileReference; includeInIndex = 1; lastKnownFileType = text.xcconfig; name = "Pods-VideoCaster.release.xcconfig"; path = "Target Support Files/Pods-VideoCaster/Pods-VideoCaster.release.xcconfig"; sourceTree = "<group>"; };
		B9BE14BB3E305B0B2026EA1C /* Pods-VideoCaster.debug.xcconfig */ = {isa = PBXFileReference; includeInIndex = 1; lastKnownFileType = text.xcconfig; name = "Pods-VideoCaster.debug.xcconfig"; path = "Target Support Files/Pods-VideoCaster/Pods-VideoCaster.debug.xcconfig"; sourceTree = "<group>"; };
		F23706052905BB2F0000568D /* Info.plist */ = {isa = PBXFileReference; lastKnownFileType = text.plist; path = Info.plist; sourceTree = "<group>"; };
		F23706092905F90A0000568D /* Videos.json */ = {isa = PBXFileReference; lastKnownFileType = text.json; path = Videos.json; sourceTree = "<group>"; };
		F237060D290608410000568D /* VideoCasterViewModel.swift */ = {isa = PBXFileReference; lastKnownFileType = sourcecode.swift; path = VideoCasterViewModel.swift; sourceTree = "<group>"; };
		F28BFCAD2904161900408E04 /* VideoCaster.app */ = {isa = PBXFileReference; explicitFileType = wrapper.application; includeInIndex = 0; path = VideoCaster.app; sourceTree = BUILT_PRODUCTS_DIR; };
		F28BFCB02904161900408E04 /* VideoCasterApp.swift */ = {isa = PBXFileReference; lastKnownFileType = sourcecode.swift; path = VideoCasterApp.swift; sourceTree = "<group>"; };
		F28BFCB22904161900408E04 /* HomeView.swift */ = {isa = PBXFileReference; lastKnownFileType = sourcecode.swift; path = HomeView.swift; sourceTree = "<group>"; };
		F28BFCB42904161B00408E04 /* Assets.xcassets */ = {isa = PBXFileReference; lastKnownFileType = folder.assetcatalog; path = Assets.xcassets; sourceTree = "<group>"; };
		F28BFCB72904161B00408E04 /* Preview Assets.xcassets */ = {isa = PBXFileReference; lastKnownFileType = folder.assetcatalog; path = "Preview Assets.xcassets"; sourceTree = "<group>"; };
		F28BFCBE2904169900408E04 /* CastButton.swift */ = {isa = PBXFileReference; lastKnownFileType = sourcecode.swift; path = CastButton.swift; sourceTree = "<group>"; };
/* End PBXFileReference section */

/* Begin PBXFrameworksBuildPhase section */
		F28BFCAA2904161900408E04 /* Frameworks */ = {
			isa = PBXFrameworksBuildPhase;
			buildActionMask = 2147483647;
			files = (
				6613FDAD85FB3754A4771D7E /* Pods_VideoCaster.framework in Frameworks */,
			);
			runOnlyForDeploymentPostprocessing = 0;
		};
/* End PBXFrameworksBuildPhase section */

/* Begin PBXGroup section */
		070C2C536258153A26EF5646 /* Pods */ = {
			isa = PBXGroup;
			children = (
				B9BE14BB3E305B0B2026EA1C /* Pods-VideoCaster.debug.xcconfig */,
				A3F9EDB3DD718712E59739AF /* Pods-VideoCaster.release.xcconfig */,
			);
			path = Pods;
			sourceTree = "<group>";
		};
		17D8E1CDD596FA25878B4FBF /* Frameworks */ = {
			isa = PBXGroup;
			children = (
				79BBA3BAE846A206C675A9E2 /* Pods_VideoCaster.framework */,
			);
			name = Frameworks;
			sourceTree = "<group>";
		};
		F23706082905F8F90000568D /* Utils */ = {
			isa = PBXGroup;
			children = (
				F23706092905F90A0000568D /* Videos.json */,
			);
			path = Utils;
			sourceTree = "<group>";
		};
		F237060B290608190000568D /* Modules */ = {
			isa = PBXGroup;
			children = (
				F237060C290608230000568D /* VideoCaster */,
			);
			path = Modules;
			sourceTree = "<group>";
		};
		F237060C290608230000568D /* VideoCaster */ = {
			isa = PBXGroup;
			children = (
				F28BFCB22904161900408E04 /* HomeView.swift */,
				F237060D290608410000568D /* VideoCasterViewModel.swift */,
			);
			path = VideoCaster;
			sourceTree = "<group>";
		};
		F28BFCA42904161900408E04 = {
			isa = PBXGroup;
			children = (
				F28BFCAF2904161900408E04 /* VideoCaster */,
				F28BFCAE2904161900408E04 /* Products */,
				070C2C536258153A26EF5646 /* Pods */,
				17D8E1CDD596FA25878B4FBF /* Frameworks */,
			);
			sourceTree = "<group>";
		};
		F28BFCAE2904161900408E04 /* Products */ = {
			isa = PBXGroup;
			children = (
				F28BFCAD2904161900408E04 /* VideoCaster.app */,
			);
			name = Products;
			sourceTree = "<group>";
		};
		F28BFCAF2904161900408E04 /* VideoCaster */ = {
			isa = PBXGroup;
			children = (
				F237060B290608190000568D /* Modules */,
				F23706082905F8F90000568D /* Utils */,
				F23706052905BB2F0000568D /* Info.plist */,
				F28BFCB02904161900408E04 /* VideoCasterApp.swift */,
				F28BFCB42904161B00408E04 /* Assets.xcassets */,
				F28BFCB62904161B00408E04 /* Preview Content */,
				F28BFCBE2904169900408E04 /* CastButton.swift */,
			);
			path = VideoCaster;
			sourceTree = "<group>";
		};
		F28BFCB62904161B00408E04 /* Preview Content */ = {
			isa = PBXGroup;
			children = (
				F28BFCB72904161B00408E04 /* Preview Assets.xcassets */,
			);
			path = "Preview Content";
			sourceTree = "<group>";
		};
/* End PBXGroup section */

/* Begin PBXNativeTarget section */
		F28BFCAC2904161900408E04 /* VideoCaster */ = {
			isa = PBXNativeTarget;
			buildConfigurationList = F28BFCBB2904161B00408E04 /* Build configuration list for PBXNativeTarget "VideoCaster" */;
			buildPhases = (
				ABB15FAEC340C70F242F90D6 /* [CP] Check Pods Manifest.lock */,
				F28BFCA92904161900408E04 /* Sources */,
				F28BFCAA2904161900408E04 /* Frameworks */,
				F28BFCAB2904161900408E04 /* Resources */,
				F9DB8D6F3901FDB4FFC18E5D /* [CP] Embed Pods Frameworks */,
				CECA3BB922F55DD2F61B0326 /* [CP] Copy Pods Resources */,
			);
			buildRules = (
			);
			dependencies = (
			);
			name = VideoCaster;
			productName = VideoCaster;
			productReference = F28BFCAD2904161900408E04 /* VideoCaster.app */;
			productType = "com.apple.product-type.application";
		};
/* End PBXNativeTarget section */

/* Begin PBXProject section */
		F28BFCA52904161900408E04 /* Project object */ = {
			isa = PBXProject;
			attributes = {
				BuildIndependentTargetsInParallel = 1;
				LastSwiftUpdateCheck = 1400;
				LastUpgradeCheck = 1400;
				TargetAttributes = {
					F28BFCAC2904161900408E04 = {
						CreatedOnToolsVersion = 14.0;
					};
				};
			};
			buildConfigurationList = F28BFCA82904161900408E04 /* Build configuration list for PBXProject "VideoCaster" */;
			compatibilityVersion = "Xcode 14.0";
			developmentRegion = en;
			hasScannedForEncodings = 0;
			knownRegions = (
				en,
				Base,
			);
			mainGroup = F28BFCA42904161900408E04;
			productRefGroup = F28BFCAE2904161900408E04 /* Products */;
			projectDirPath = "";
			projectRoot = "";
			targets = (
				F28BFCAC2904161900408E04 /* VideoCaster */,
			);
		};
/* End PBXProject section */

/* Begin PBXResourcesBuildPhase section */
		F28BFCAB2904161900408E04 /* Resources */ = {
			isa = PBXResourcesBuildPhase;
			buildActionMask = 2147483647;
			files = (
				F28BFCB82904161B00408E04 /* Preview Assets.xcassets in Resources */,
				F237060A2905F90A0000568D /* Videos.json in Resources */,
				F28BFCB52904161B00408E04 /* Assets.xcassets in Resources */,
			);
			runOnlyForDeploymentPostprocessing = 0;
		};
/* End PBXResourcesBuildPhase section */

/* Begin PBXShellScriptBuildPhase section */
		ABB15FAEC340C70F242F90D6 /* [CP] Check Pods Manifest.lock */ = {
			isa = PBXShellScriptBuildPhase;
			buildActionMask = 2147483647;
			files = (
			);
			inputFileListPaths = (
			);
			inputPaths = (
				"${PODS_PODFILE_DIR_PATH}/Podfile.lock",
				"${PODS_ROOT}/Manifest.lock",
			);
			name = "[CP] Check Pods Manifest.lock";
			outputFileListPaths = (
			);
			outputPaths = (
				"$(DERIVED_FILE_DIR)/Pods-VideoCaster-checkManifestLockResult.txt",
			);
			runOnlyForDeploymentPostprocessing = 0;
			shellPath = /bin/sh;
			shellScript = "diff \"${PODS_PODFILE_DIR_PATH}/Podfile.lock\" \"${PODS_ROOT}/Manifest.lock\" > /dev/null\nif [ $? != 0 ] ; then\n    # print error to STDERR\n    echo \"error: The sandbox is not in sync with the Podfile.lock. Run 'pod install' or update your CocoaPods installation.\" >&2\n    exit 1\nfi\n# This output is used by Xcode 'outputs' to avoid re-running this script phase.\necho \"SUCCESS\" > \"${SCRIPT_OUTPUT_FILE_0}\"\n";
			showEnvVarsInLog = 0;
		};
		CECA3BB922F55DD2F61B0326 /* [CP] Copy Pods Resources */ = {
			isa = PBXShellScriptBuildPhase;
			buildActionMask = 2147483647;
			files = (
			);
			inputFileListPaths = (
				"${PODS_ROOT}/Target Support Files/Pods-VideoCaster/Pods-VideoCaster-resources-${CONFIGURATION}-input-files.xcfilelist",
			);
			name = "[CP] Copy Pods Resources";
			outputFileListPaths = (
				"${PODS_ROOT}/Target Support Files/Pods-VideoCaster/Pods-VideoCaster-resources-${CONFIGURATION}-output-files.xcfilelist",
			);
			runOnlyForDeploymentPostprocessing = 0;
			shellPath = /bin/sh;
			shellScript = "\"${PODS_ROOT}/Target Support Files/Pods-VideoCaster/Pods-VideoCaster-resources.sh\"\n";
			showEnvVarsInLog = 0;
		};
		F9DB8D6F3901FDB4FFC18E5D /* [CP] Embed Pods Frameworks */ = {
			isa = PBXShellScriptBuildPhase;
			buildActionMask = 2147483647;
			files = (
			);
			inputFileListPaths = (
				"${PODS_ROOT}/Target Support Files/Pods-VideoCaster/Pods-VideoCaster-frameworks-${CONFIGURATION}-input-files.xcfilelist",
			);
			name = "[CP] Embed Pods Frameworks";
			outputFileListPaths = (
				"${PODS_ROOT}/Target Support Files/Pods-VideoCaster/Pods-VideoCaster-frameworks-${CONFIGURATION}-output-files.xcfilelist",
			);
			runOnlyForDeploymentPostprocessing = 0;
			shellPath = /bin/sh;
			shellScript = "\"${PODS_ROOT}/Target Support Files/Pods-VideoCaster/Pods-VideoCaster-frameworks.sh\"\n";
			showEnvVarsInLog = 0;
		};
/* End PBXShellScriptBuildPhase section */

/* Begin PBXSourcesBuildPhase section */
		F28BFCA92904161900408E04 /* Sources */ = {
			isa = PBXSourcesBuildPhase;
			buildActionMask = 2147483647;
			files = (
				F28BFCB32904161900408E04 /* HomeView.swift in Sources */,
				F28BFCBF2904169900408E04 /* CastButton.swift in Sources */,
				F237060E290608410000568D /* VideoCasterViewModel.swift in Sources */,
				F28BFCB12904161900408E04 /* VideoCasterApp.swift in Sources */,
			);
			runOnlyForDeploymentPostprocessing = 0;
		};
/* End PBXSourcesBuildPhase section */

/* Begin XCBuildConfiguration section */
		F28BFCB92904161B00408E04 /* Debug */ = {
			isa = XCBuildConfiguration;
			buildSettings = {
				ALWAYS_SEARCH_USER_PATHS = NO;
				CLANG_ANALYZER_NONNULL = YES;
				CLANG_ANALYZER_NUMBER_OBJECT_CONVERSION = YES_AGGRESSIVE;
				CLANG_CXX_LANGUAGE_STANDARD = "gnu++20";
				CLANG_ENABLE_MODULES = YES;
				CLANG_ENABLE_OBJC_ARC = YES;
				CLANG_ENABLE_OBJC_WEAK = YES;
				CLANG_WARN_BLOCK_CAPTURE_AUTORELEASING = YES;
				CLANG_WARN_BOOL_CONVERSION = YES;
				CLANG_WARN_COMMA = YES;
				CLANG_WARN_CONSTANT_CONVERSION = YES;
				CLANG_WARN_DEPRECATED_OBJC_IMPLEMENTATIONS = YES;
				CLANG_WARN_DIRECT_OBJC_ISA_USAGE = YES_ERROR;
				CLANG_WARN_DOCUMENTATION_COMMENTS = YES;
				CLANG_WARN_EMPTY_BODY = YES;
				CLANG_WARN_ENUM_CONVERSION = YES;
				CLANG_WARN_INFINITE_RECURSION = YES;
				CLANG_WARN_INT_CONVERSION = YES;
				CLANG_WARN_NON_LITERAL_NULL_CONVERSION = YES;
				CLANG_WARN_OBJC_IMPLICIT_RETAIN_SELF = YES;
				CLANG_WARN_OBJC_LITERAL_CONVERSION = YES;
				CLANG_WARN_OBJC_ROOT_CLASS = YES_ERROR;
				CLANG_WARN_QUOTED_INCLUDE_IN_FRAMEWORK_HEADER = YES;
				CLANG_WARN_RANGE_LOOP_ANALYSIS = YES;
				CLANG_WARN_STRICT_PROTOTYPES = YES;
				CLANG_WARN_SUSPICIOUS_MOVE = YES;
				CLANG_WARN_UNGUARDED_AVAILABILITY = YES_AGGRESSIVE;
				CLANG_WARN_UNREACHABLE_CODE = YES;
				CLANG_WARN__DUPLICATE_METHOD_MATCH = YES;
				COPY_PHASE_STRIP = NO;
				DEBUG_INFORMATION_FORMAT = dwarf;
				ENABLE_STRICT_OBJC_MSGSEND = YES;
				ENABLE_TESTABILITY = YES;
				GCC_C_LANGUAGE_STANDARD = gnu11;
				GCC_DYNAMIC_NO_PIC = NO;
				GCC_NO_COMMON_BLOCKS = YES;
				GCC_OPTIMIZATION_LEVEL = 0;
				GCC_PREPROCESSOR_DEFINITIONS = (
					"DEBUG=1",
					"$(inherited)",
				);
				GCC_WARN_64_TO_32_BIT_CONVERSION = YES;
				GCC_WARN_ABOUT_RETURN_TYPE = YES_ERROR;
				GCC_WARN_UNDECLARED_SELECTOR = YES;
				GCC_WARN_UNINITIALIZED_AUTOS = YES_AGGRESSIVE;
				GCC_WARN_UNUSED_FUNCTION = YES;
				GCC_WARN_UNUSED_VARIABLE = YES;
				IPHONEOS_DEPLOYMENT_TARGET = 15.0;
				MTL_ENABLE_DEBUG_INFO = INCLUDE_SOURCE;
				MTL_FAST_MATH = YES;
				ONLY_ACTIVE_ARCH = YES;
				SDKROOT = iphoneos;
				SWIFT_ACTIVE_COMPILATION_CONDITIONS = DEBUG;
				SWIFT_OPTIMIZATION_LEVEL = "-Onone";
			};
			name = Debug;
		};
		F28BFCBA2904161B00408E04 /* Release */ = {
			isa = XCBuildConfiguration;
			buildSettings = {
				ALWAYS_SEARCH_USER_PATHS = NO;
				CLANG_ANALYZER_NONNULL = YES;
				CLANG_ANALYZER_NUMBER_OBJECT_CONVERSION = YES_AGGRESSIVE;
				CLANG_CXX_LANGUAGE_STANDARD = "gnu++20";
				CLANG_ENABLE_MODULES = YES;
				CLANG_ENABLE_OBJC_ARC = YES;
				CLANG_ENABLE_OBJC_WEAK = YES;
				CLANG_WARN_BLOCK_CAPTURE_AUTORELEASING = YES;
				CLANG_WARN_BOOL_CONVERSION = YES;
				CLANG_WARN_COMMA = YES;
				CLANG_WARN_CONSTANT_CONVERSION = YES;
				CLANG_WARN_DEPRECATED_OBJC_IMPLEMENTATIONS = YES;
				CLANG_WARN_DIRECT_OBJC_ISA_USAGE = YES_ERROR;
				CLANG_WARN_DOCUMENTATION_COMMENTS = YES;
				CLANG_WARN_EMPTY_BODY = YES;
				CLANG_WARN_ENUM_CONVERSION = YES;
				CLANG_WARN_INFINITE_RECURSION = YES;
				CLANG_WARN_INT_CONVERSION = YES;
				CLANG_WARN_NON_LITERAL_NULL_CONVERSION = YES;
				CLANG_WARN_OBJC_IMPLICIT_RETAIN_SELF = YES;
				CLANG_WARN_OBJC_LITERAL_CONVERSION = YES;
				CLANG_WARN_OBJC_ROOT_CLASS = YES_ERROR;
				CLANG_WARN_QUOTED_INCLUDE_IN_FRAMEWORK_HEADER = YES;
				CLANG_WARN_RANGE_LOOP_ANALYSIS = YES;
				CLANG_WARN_STRICT_PROTOTYPES = YES;
				CLANG_WARN_SUSPICIOUS_MOVE = YES;
				CLANG_WARN_UNGUARDED_AVAILABILITY = YES_AGGRESSIVE;
				CLANG_WARN_UNREACHABLE_CODE = YES;
				CLANG_WARN__DUPLICATE_METHOD_MATCH = YES;
				COPY_PHASE_STRIP = NO;
				DEBUG_INFORMATION_FORMAT = "dwarf-with-dsym";
				ENABLE_NS_ASSERTIONS = NO;
				ENABLE_STRICT_OBJC_MSGSEND = YES;
				GCC_C_LANGUAGE_STANDARD = gnu11;
				GCC_NO_COMMON_BLOCKS = YES;
				GCC_WARN_64_TO_32_BIT_CONVERSION = YES;
				GCC_WARN_ABOUT_RETURN_TYPE = YES_ERROR;
				GCC_WARN_UNDECLARED_SELECTOR = YES;
				GCC_WARN_UNINITIALIZED_AUTOS = YES_AGGRESSIVE;
				GCC_WARN_UNUSED_FUNCTION = YES;
				GCC_WARN_UNUSED_VARIABLE = YES;
				IPHONEOS_DEPLOYMENT_TARGET = 15.0;
				MTL_ENABLE_DEBUG_INFO = NO;
				MTL_FAST_MATH = YES;
				SDKROOT = iphoneos;
				SWIFT_COMPILATION_MODE = wholemodule;
				SWIFT_OPTIMIZATION_LEVEL = "-O";
				VALIDATE_PRODUCT = YES;
			};
			name = Release;
		};
		F28BFCBC2904161B00408E04 /* Debug */ = {
			isa = XCBuildConfiguration;
			baseConfigurationReference = B9BE14BB3E305B0B2026EA1C /* Pods-VideoCaster.debug.xcconfig */;
			buildSettings = {
				ASSETCATALOG_COMPILER_APPICON_NAME = AppIcon;
				ASSETCATALOG_COMPILER_GLOBAL_ACCENT_COLOR_NAME = AccentColor;
				CODE_SIGN_STYLE = Manual;
				CURRENT_PROJECT_VERSION = 1;
				DEVELOPMENT_ASSET_PATHS = "\"VideoCaster/Preview Content\"";
				DEVELOPMENT_TEAM = "";
				ENABLE_PREVIEWS = YES;
				GENERATE_INFOPLIST_FILE = YES;
				INFOPLIST_FILE = VideoCaster/Info.plist;
				INFOPLIST_KEY_NSLocalNetworkUsageDescription = "${PRODUCT_NAME} uses the local network to discover Cast-enabled devices on your WiFi\n    network.";
				INFOPLIST_KEY_UIApplicationSceneManifest_Generation = YES;
				INFOPLIST_KEY_UIApplicationSupportsIndirectInputEvents = YES;
				INFOPLIST_KEY_UILaunchScreen_Generation = YES;
				INFOPLIST_KEY_UISupportedInterfaceOrientations_iPad = "UIInterfaceOrientationPortrait UIInterfaceOrientationPortraitUpsideDown UIInterfaceOrientationLandscapeLeft UIInterfaceOrientationLandscapeRight";
				INFOPLIST_KEY_UISupportedInterfaceOrientations_iPhone = "UIInterfaceOrientationPortrait UIInterfaceOrientationLandscapeLeft UIInterfaceOrientationLandscapeRight";
				LD_RUNPATH_SEARCH_PATHS = (
					"$(inherited)",
					"@executable_path/Frameworks",
				);
				MARKETING_VERSION = 1.0;
				PRODUCT_BUNDLE_IDENTIFIER = com.oscast.videocast;
				PRODUCT_NAME = "$(TARGET_NAME)";
				PROVISIONING_PROFILE_SPECIFIER = "";
				SWIFT_EMIT_LOC_STRINGS = YES;
				SWIFT_VERSION = 5.0;
				TARGETED_DEVICE_FAMILY = "1,2";
			};
			name = Debug;
		};
		F28BFCBD2904161B00408E04 /* Release */ = {
			isa = XCBuildConfiguration;
			baseConfigurationReference = A3F9EDB3DD718712E59739AF /* Pods-VideoCaster.release.xcconfig */;
			buildSettings = {
				ASSETCATALOG_COMPILER_APPICON_NAME = AppIcon;
				ASSETCATALOG_COMPILER_GLOBAL_ACCENT_COLOR_NAME = AccentColor;
				CODE_SIGN_STYLE = Manual;
				CURRENT_PROJECT_VERSION = 1;
				DEVELOPMENT_ASSET_PATHS = "\"VideoCaster/Preview Content\"";
				DEVELOPMENT_TEAM = "";
				ENABLE_PREVIEWS = YES;
				GENERATE_INFOPLIST_FILE = YES;
				INFOPLIST_FILE = VideoCaster/Info.plist;
				INFOPLIST_KEY_NSLocalNetworkUsageDescription = "${PRODUCT_NAME} uses the local network to discover Cast-enabled devices on your WiFi\n    network.";
				INFOPLIST_KEY_UIApplicationSceneManifest_Generation = YES;
				INFOPLIST_KEY_UIApplicationSupportsIndirectInputEvents = YES;
				INFOPLIST_KEY_UILaunchScreen_Generation = YES;
				INFOPLIST_KEY_UISupportedInterfaceOrientations_iPad = "UIInterfaceOrientationPortrait UIInterfaceOrientationPortraitUpsideDown UIInterfaceOrientationLandscapeLeft UIInterfaceOrientationLandscapeRight";
				INFOPLIST_KEY_UISupportedInterfaceOrientations_iPhone = "UIInterfaceOrientationPortrait UIInterfaceOrientationLandscapeLeft UIInterfaceOrientationLandscapeRight";
				LD_RUNPATH_SEARCH_PATHS = (
					"$(inherited)",
					"@executable_path/Frameworks",
				);
				MARKETING_VERSION = 1.0;
				PRODUCT_BUNDLE_IDENTIFIER = com.oscast.videocast;
				PRODUCT_NAME = "$(TARGET_NAME)";
				PROVISIONING_PROFILE_SPECIFIER = "";
				SWIFT_EMIT_LOC_STRINGS = YES;
				SWIFT_VERSION = 5.0;
				TARGETED_DEVICE_FAMILY = "1,2";
			};
			name = Release;
		};
/* End XCBuildConfiguration section */

/* Begin XCConfigurationList section */
		F28BFCA82904161900408E04 /* Build configuration list for PBXProject "VideoCaster" */ = {
			isa = XCConfigurationList;
			buildConfigurations = (
				F28BFCB92904161B00408E04 /* Debug */,
				F28BFCBA2904161B00408E04 /* Release */,
			);
			defaultConfigurationIsVisible = 0;
			defaultConfigurationName = Release;
		};
		F28BFCBB2904161B00408E04 /* Build configuration list for PBXNativeTarget "VideoCaster" */ = {
			isa = XCConfigurationList;
			buildConfigurations = (
				F28BFCBC2904161B00408E04 /* Debug */,
				F28BFCBD2904161B00408E04 /* Release */,
			);
			defaultConfigurationIsVisible = 0;
			defaultConfigurationName = Release;
		};
/* End XCConfigurationList section */
	};
	rootObject = F28BFCA52904161900408E04 /* Project object */;
}
